dependencies:
- name: clusterfs
  repository: ""
  version: '>=0.1.0'
- name: login
  repository: ""
  version: '>=0.1.0'
- name: postgres
  repository: ""
  version: '>=0.1.0'
- name: cockroach
  repository: ""
  version: '>=0.1.0'
- name: db
  repository: ""
  version: '>=0.1.0'
- name: db
  repository: ""
  version: '>=0.1.0'
- name: postgresop
  repository: ""
  version: '>=0.1.0'
- name: postgresop
  repository: ""
  version: '>=0.1.0'
- name: ttrss
  repository: ""
  version: '>=0.1.0'
- name: home-assistant-wrapper
  repository: ""
  version: '>=0.1.0'
- name: nextcloud-bundle
  repository: ""
  version: '>=0.1.0'
- name: metallb
  repository: https://charts.bitnami.com/bitnami
  version: '>=2.0.0'
- name: ingress-nginx
  repository: https://kubernetes.github.io/ingress-nginx
  version: '>=3.0.0'
- name: cert-manager
  repository: https://charts.jetstack.io
  version: ~1.1
- name: cert-manager-dnsmadeeasy
  repository: ""
  version: '>=0.1.0'
- name: certs
  repository: ""
  version: '>=0.1.0'
- name: keel
  repository: https://charts.keel.sh
  version: '>=0.8.18'
- name: iobroker
  repository: ""
  version: '>=0.1.0'
- name: esphome
  repository: ""
  version: '>=0.1.0'
- name: reverse-proxy
  repository: ""
  version: '>=0.1.0'
- name: heimdall
  repository: ""
  version: '>=0.1.0'
- name: gitea-wrapper
  repository: ""
  version: '>=0.1.0'
- name: chirpstack-packet-multiplexer
  repository: ""
  version: '>=0.1.0'
- name: lorawan-server
  repository: ""
  version: '>=0.1.0'
- name: mosquitto
  repository: https://storage.googleapis.com/t3n-helm-charts
  version: '>=2.2.0'
digest: sha256:8ead65337e84cd29b94c3f86fab797b777695f49eb4c6030c2996a2dd1b0baad
generated: "2021-01-17T22:28:58.290629938+01:00"
