dependencies:
- name: clusterfs
  repository: ""
  version: '>=0.1.0'
- name: login
  repository: ""
  version: '>=0.1.0'
- name: postgres
  repository: ""
  version: '>=0.1.0'
- name: cockroach
  repository: ""
  version: '>=0.1.0'
- name: db
  repository: ""
  version: '>=0.1.0'
- name: db
  repository: ""
  version: '>=0.1.0'
- name: postgresop
  repository: ""
  version: '>=0.1.0'
- name: postgresop
  repository: ""
  version: '>=0.1.0'
- name: ttrss
  repository: ""
  version: '>=0.1.0'
- name: home-assistant-wrapper
  repository: ""
  version: '>=0.1.0'
- name: nextcloud-bundle
  repository: ""
  version: '>=0.1.0'
- name: metallb
  repository: https://charts.bitnami.com/bitnami
  version: '>=2.0.0'
- name: ingress-nginx
  repository: https://kubernetes.github.io/ingress-nginx
  version: '>=3.0.0'
- name: cert-manager
  repository: https://charts.jetstack.io
  version: ~1.1
- name: cert-manager-dnsmadeeasy
  repository: ""
  version: '>=0.1.0'
- name: certs
  repository: ""
  version: '>=0.1.0'
- name: keel
  repository: https://charts.keel.sh
  version: '>=0.8.18'
- name: iobroker
  repository: ""
  version: '>=0.1.0'
- name: esphome
  repository: ""
  version: '>=0.1.0'
- name: reverse-proxy
  repository: ""
  version: '>=0.1.0'
- name: heimdall
  repository: ""
  version: '>=0.1.0'
- name: gitea-wrapper
  repository: ""
  version: '>=0.1.0'
digest: sha256:a01ed7741aad95e358c55b51bfb9d96b1e6f74275c79b57fe6621ea69178a796
generated: "2021-01-10T19:14:43.155594039+01:00"
